// !$*UTF8*$!
{
	archiveVersion = 1;
	classes = {
	};
	objectVersion = 51;
	objects = {

/* Begin PBXBuildFile section */
		03C1DE8B433E31F12CB6F297 /* Pods_WiproDemoApplicaion.framework in Frameworks */ = {isa = PBXBuildFile; fileRef = 21F482281434D51B80CAE576 /* Pods_WiproDemoApplicaion.framework */; };
		0745EE2E89D188C65EF37108 /* Pods_WiproDemoApplicaionTests.framework in Frameworks */ = {isa = PBXBuildFile; fileRef = 20C18F52B7A80A4FB48BDAB1 /* Pods_WiproDemoApplicaionTests.framework */; };
		F9313AA222EF07C80066FA8B /* GalleryDetailViewController.swift in Sources */ = {isa = PBXBuildFile; fileRef = F9313AA122EF07C80066FA8B /* GalleryDetailViewController.swift */; };
		F9C2494C22DCC471000C8A3F /* AppDelegate.swift in Sources */ = {isa = PBXBuildFile; fileRef = F9C2493122DCC470000C8A3F /* AppDelegate.swift */; };
		F9C2494E22DCC471000C8A3F /* LaunchScreen.storyboard in Resources */ = {isa = PBXBuildFile; fileRef = F9C2493522DCC471000C8A3F /* LaunchScreen.storyboard */; };
		F9C2494F22DCC471000C8A3F /* Main.storyboard in Resources */ = {isa = PBXBuildFile; fileRef = F9C2493622DCC471000C8A3F /* Main.storyboard */; };
		F9C2495122DCC471000C8A3F /* Assets.xcassets in Resources */ = {isa = PBXBuildFile; fileRef = F9C2493A22DCC471000C8A3F /* Assets.xcassets */; };
		F9C2496222DCCA9E000C8A3F /* AlamofireServerConnect.swift in Sources */ = {isa = PBXBuildFile; fileRef = F9C2495F22DCCA9E000C8A3F /* AlamofireServerConnect.swift */; };
		F9C2496322DCCA9E000C8A3F /* AlamofireServiceRequesManager.swift in Sources */ = {isa = PBXBuildFile; fileRef = F9C2496022DCCA9E000C8A3F /* AlamofireServiceRequesManager.swift */; };
		F9C2496422DCCA9E000C8A3F /* AlamofireInternetConnectivityManager.swift in Sources */ = {isa = PBXBuildFile; fileRef = F9C2496122DCCA9E000C8A3F /* AlamofireInternetConnectivityManager.swift */; };
		F9C2496722DCCADC000C8A3F /* AppConstants.swift in Sources */ = {isa = PBXBuildFile; fileRef = F9C2496622DCCADC000C8A3F /* AppConstants.swift */; };
		F9C2496E22DCCC5A000C8A3F /* GalleryViewModel.swift in Sources */ = {isa = PBXBuildFile; fileRef = F9C2496922DCCC5A000C8A3F /* GalleryViewModel.swift */; };
		F9C2496F22DCCC5A000C8A3F /* RecordCell.swift in Sources */ = {isa = PBXBuildFile; fileRef = F9C2496C22DCCC5A000C8A3F /* RecordCell.swift */; };
		F9C2497022DCCC5A000C8A3F /* GalleryViewController.swift in Sources */ = {isa = PBXBuildFile; fileRef = F9C2496D22DCCC5A000C8A3F /* GalleryViewController.swift */; };
		F9C2497D22DCCCF7000C8A3F /* CountryResponse.swift in Sources */ = {isa = PBXBuildFile; fileRef = F9C2497222DCCCF6000C8A3F /* CountryResponse.swift */; };
		F9C2497E22DCCCF7000C8A3F /* Record.swift in Sources */ = {isa = PBXBuildFile; fileRef = F9C2497322DCCCF6000C8A3F /* Record.swift */; };
		F9C2497F22DCCCF7000C8A3F /* AppUtility.swift in Sources */ = {isa = PBXBuildFile; fileRef = F9C2497522DCCCF6000C8A3F /* AppUtility.swift */; };
		F9C2498022DCCCF7000C8A3F /* UIImegeViewExtension.swift in Sources */ = {isa = PBXBuildFile; fileRef = F9C2497722DCCCF7000C8A3F /* UIImegeViewExtension.swift */; };
		F9C2498122DCCCF7000C8A3F /* UIViewExtension.swift in Sources */ = {isa = PBXBuildFile; fileRef = F9C2497822DCCCF7000C8A3F /* UIViewExtension.swift */; };
		F9C2498222DCCCF7000C8A3F /* Spinner.swift in Sources */ = {isa = PBXBuildFile; fileRef = F9C2497A22DCCCF7000C8A3F /* Spinner.swift */; };
		F9C2498322DCCCF7000C8A3F /* GalleryService.swift in Sources */ = {isa = PBXBuildFile; fileRef = F9C2497C22DCCCF7000C8A3F /* GalleryService.swift */; };
		F9C2498522DDE235000C8A3F /* GalleryViewModelTest.swift in Sources */ = {isa = PBXBuildFile; fileRef = F9C2498422DDE235000C8A3F /* GalleryViewModelTest.swift */; };
/* End PBXBuildFile section */

/* Begin PBXContainerItemProxy section */
		F9C2491122DCC411000C8A3F /* PBXContainerItemProxy */ = {
			isa = PBXContainerItemProxy;
			containerPortal = F9C248F422DCC410000C8A3F /* Project object */;
			proxyType = 1;
			remoteGlobalIDString = F9C248FB22DCC410000C8A3F;
			remoteInfo = WiproDemoApplicaion;
		};
/* End PBXContainerItemProxy section */

/* Begin PBXFileReference section */
		20C18F52B7A80A4FB48BDAB1 /* Pods_WiproDemoApplicaionTests.framework */ = {isa = PBXFileReference; explicitFileType = wrapper.framework; includeInIndex = 0; path = Pods_WiproDemoApplicaionTests.framework; sourceTree = BUILT_PRODUCTS_DIR; };
		21F482281434D51B80CAE576 /* Pods_WiproDemoApplicaion.framework */ = {isa = PBXFileReference; explicitFileType = wrapper.framework; includeInIndex = 0; path = Pods_WiproDemoApplicaion.framework; sourceTree = BUILT_PRODUCTS_DIR; };
		44C2B57851C8C74E93E205F4 /* Pods-WiproDemoApplicaion.release.xcconfig */ = {isa = PBXFileReference; includeInIndex = 1; lastKnownFileType = text.xcconfig; name = "Pods-WiproDemoApplicaion.release.xcconfig"; path = "Target Support Files/Pods-WiproDemoApplicaion/Pods-WiproDemoApplicaion.release.xcconfig"; sourceTree = "<group>"; };
		551BFBA40583289C68C847B1 /* Pods-WiproDemoApplicaionTests.debug.xcconfig */ = {isa = PBXFileReference; includeInIndex = 1; lastKnownFileType = text.xcconfig; name = "Pods-WiproDemoApplicaionTests.debug.xcconfig"; path = "Target Support Files/Pods-WiproDemoApplicaionTests/Pods-WiproDemoApplicaionTests.debug.xcconfig"; sourceTree = "<group>"; };
		6F43B914DB294F5411D9DC42 /* Pods-WiproDemoApplicaion.debug.xcconfig */ = {isa = PBXFileReference; includeInIndex = 1; lastKnownFileType = text.xcconfig; name = "Pods-WiproDemoApplicaion.debug.xcconfig"; path = "Target Support Files/Pods-WiproDemoApplicaion/Pods-WiproDemoApplicaion.debug.xcconfig"; sourceTree = "<group>"; };
		792BE5485870A3AA15A68925 /* Pods-WiproDemoApplicaionTests.release.xcconfig */ = {isa = PBXFileReference; includeInIndex = 1; lastKnownFileType = text.xcconfig; name = "Pods-WiproDemoApplicaionTests.release.xcconfig"; path = "Target Support Files/Pods-WiproDemoApplicaionTests/Pods-WiproDemoApplicaionTests.release.xcconfig"; sourceTree = "<group>"; };
		F9313AA122EF07C80066FA8B /* GalleryDetailViewController.swift */ = {isa = PBXFileReference; lastKnownFileType = sourcecode.swift; path = GalleryDetailViewController.swift; sourceTree = "<group>"; };
		F9C248FC22DCC410000C8A3F /* WiproDemoApplicaion.app */ = {isa = PBXFileReference; explicitFileType = wrapper.application; includeInIndex = 0; path = WiproDemoApplicaion.app; sourceTree = BUILT_PRODUCTS_DIR; };
		F9C2491022DCC411000C8A3F /* WiproDemoApplicaionTests.xctest */ = {isa = PBXFileReference; explicitFileType = wrapper.cfbundle; includeInIndex = 0; path = WiproDemoApplicaionTests.xctest; sourceTree = BUILT_PRODUCTS_DIR; };
		F9C2491622DCC411000C8A3F /* Info.plist */ = {isa = PBXFileReference; lastKnownFileType = text.plist.xml; path = Info.plist; sourceTree = "<group>"; };
		F9C2493122DCC470000C8A3F /* AppDelegate.swift */ = {isa = PBXFileReference; fileEncoding = 4; lastKnownFileType = sourcecode.swift; path = AppDelegate.swift; sourceTree = "<group>"; };
		F9C2493222DCC470000C8A3F /* Info.plist */ = {isa = PBXFileReference; fileEncoding = 4; lastKnownFileType = text.plist.xml; path = Info.plist; sourceTree = "<group>"; };
		F9C2493522DCC471000C8A3F /* LaunchScreen.storyboard */ = {isa = PBXFileReference; fileEncoding = 4; lastKnownFileType = file.storyboard; path = LaunchScreen.storyboard; sourceTree = "<group>"; };
		F9C2493622DCC471000C8A3F /* Main.storyboard */ = {isa = PBXFileReference; fileEncoding = 4; lastKnownFileType = file.storyboard; path = Main.storyboard; sourceTree = "<group>"; };
		F9C2493A22DCC471000C8A3F /* Assets.xcassets */ = {isa = PBXFileReference; lastKnownFileType = folder.assetcatalog; path = Assets.xcassets; sourceTree = "<group>"; };
		F9C2495F22DCCA9E000C8A3F /* AlamofireServerConnect.swift */ = {isa = PBXFileReference; fileEncoding = 4; lastKnownFileType = sourcecode.swift; path = AlamofireServerConnect.swift; sourceTree = "<group>"; };
		F9C2496022DCCA9E000C8A3F /* AlamofireServiceRequesManager.swift */ = {isa = PBXFileReference; fileEncoding = 4; lastKnownFileType = sourcecode.swift; path = AlamofireServiceRequesManager.swift; sourceTree = "<group>"; };
		F9C2496122DCCA9E000C8A3F /* AlamofireInternetConnectivityManager.swift */ = {isa = PBXFileReference; fileEncoding = 4; lastKnownFileType = sourcecode.swift; path = AlamofireInternetConnectivityManager.swift; sourceTree = "<group>"; };
		F9C2496622DCCADC000C8A3F /* AppConstants.swift */ = {isa = PBXFileReference; fileEncoding = 4; lastKnownFileType = sourcecode.swift; path = AppConstants.swift; sourceTree = "<group>"; };
		F9C2496922DCCC5A000C8A3F /* GalleryViewModel.swift */ = {isa = PBXFileReference; fileEncoding = 4; lastKnownFileType = sourcecode.swift; path = GalleryViewModel.swift; sourceTree = "<group>"; };
		F9C2496C22DCCC5A000C8A3F /* RecordCell.swift */ = {isa = PBXFileReference; fileEncoding = 4; lastKnownFileType = sourcecode.swift; path = RecordCell.swift; sourceTree = "<group>"; };
		F9C2496D22DCCC5A000C8A3F /* GalleryViewController.swift */ = {isa = PBXFileReference; fileEncoding = 4; lastKnownFileType = sourcecode.swift; path = GalleryViewController.swift; sourceTree = "<group>"; };
		F9C2497222DCCCF6000C8A3F /* CountryResponse.swift */ = {isa = PBXFileReference; fileEncoding = 4; lastKnownFileType = sourcecode.swift; path = CountryResponse.swift; sourceTree = "<group>"; };
		F9C2497322DCCCF6000C8A3F /* Record.swift */ = {isa = PBXFileReference; fileEncoding = 4; lastKnownFileType = sourcecode.swift; path = Record.swift; sourceTree = "<group>"; };
		F9C2497522DCCCF6000C8A3F /* AppUtility.swift */ = {isa = PBXFileReference; fileEncoding = 4; lastKnownFileType = sourcecode.swift; path = AppUtility.swift; sourceTree = "<group>"; };
		F9C2497722DCCCF7000C8A3F /* UIImegeViewExtension.swift */ = {isa = PBXFileReference; fileEncoding = 4; lastKnownFileType = sourcecode.swift; path = UIImegeViewExtension.swift; sourceTree = "<group>"; };
		F9C2497822DCCCF7000C8A3F /* UIViewExtension.swift */ = {isa = PBXFileReference; fileEncoding = 4; lastKnownFileType = sourcecode.swift; path = UIViewExtension.swift; sourceTree = "<group>"; };
		F9C2497A22DCCCF7000C8A3F /* Spinner.swift */ = {isa = PBXFileReference; fileEncoding = 4; lastKnownFileType = sourcecode.swift; path = Spinner.swift; sourceTree = "<group>"; };
		F9C2497C22DCCCF7000C8A3F /* GalleryService.swift */ = {isa = PBXFileReference; fileEncoding = 4; lastKnownFileType = sourcecode.swift; path = GalleryService.swift; sourceTree = "<group>"; };
		F9C2498422DDE235000C8A3F /* GalleryViewModelTest.swift */ = {isa = PBXFileReference; lastKnownFileType = sourcecode.swift; path = GalleryViewModelTest.swift; sourceTree = "<group>"; };
/* End PBXFileReference section */

/* Begin PBXFrameworksBuildPhase section */
		F9C248F922DCC410000C8A3F /* Frameworks */ = {
			isa = PBXFrameworksBuildPhase;
			buildActionMask = 2147483647;
			files = (
				03C1DE8B433E31F12CB6F297 /* Pods_WiproDemoApplicaion.framework in Frameworks */,
			);
			runOnlyForDeploymentPostprocessing = 0;
		};
		F9C2490D22DCC411000C8A3F /* Frameworks */ = {
			isa = PBXFrameworksBuildPhase;
			buildActionMask = 2147483647;
			files = (
				0745EE2E89D188C65EF37108 /* Pods_WiproDemoApplicaionTests.framework in Frameworks */,
			);
			runOnlyForDeploymentPostprocessing = 0;
		};
/* End PBXFrameworksBuildPhase section */

/* Begin PBXGroup section */
		046DEAD20DF80EB09D8C4BDF /* Frameworks */ = {
			isa = PBXGroup;
			children = (
				21F482281434D51B80CAE576 /* Pods_WiproDemoApplicaion.framework */,
				20C18F52B7A80A4FB48BDAB1 /* Pods_WiproDemoApplicaionTests.framework */,
			);
			name = Frameworks;
			sourceTree = "<group>";
		};
		0536FD36689BE10010304A68 /* Pods */ = {
			isa = PBXGroup;
			children = (
				6F43B914DB294F5411D9DC42 /* Pods-WiproDemoApplicaion.debug.xcconfig */,
				44C2B57851C8C74E93E205F4 /* Pods-WiproDemoApplicaion.release.xcconfig */,
				551BFBA40583289C68C847B1 /* Pods-WiproDemoApplicaionTests.debug.xcconfig */,
				792BE5485870A3AA15A68925 /* Pods-WiproDemoApplicaionTests.release.xcconfig */,
			);
			path = Pods;
			sourceTree = "<group>";
		};
		F9C248F322DCC410000C8A3F = {
			isa = PBXGroup;
			children = (
				F9C248FE22DCC410000C8A3F /* WiproDemoApplicaion */,
				F9C2491322DCC411000C8A3F /* WiproDemoApplicaionTests */,
				F9C248FD22DCC410000C8A3F /* Products */,
				0536FD36689BE10010304A68 /* Pods */,
				046DEAD20DF80EB09D8C4BDF /* Frameworks */,
			);
			sourceTree = "<group>";
		};
		F9C248FD22DCC410000C8A3F /* Products */ = {
			isa = PBXGroup;
			children = (
				F9C248FC22DCC410000C8A3F /* WiproDemoApplicaion.app */,
				F9C2491022DCC411000C8A3F /* WiproDemoApplicaionTests.xctest */,
			);
			name = Products;
			sourceTree = "<group>";
		};
		F9C248FE22DCC410000C8A3F /* WiproDemoApplicaion */ = {
			isa = PBXGroup;
			children = (
				F9C2493022DCC470000C8A3F /* Main */,
				F9C2493B22DCC471000C8A3F /* Modules */,
				F9C2493322DCC471000C8A3F /* Resources */,
				F9C2491F22DCC470000C8A3F /* Support */,
			);
			path = WiproDemoApplicaion;
			sourceTree = "<group>";
		};
		F9C2491322DCC411000C8A3F /* WiproDemoApplicaionTests */ = {
			isa = PBXGroup;
			children = (
				F9C2498422DDE235000C8A3F /* GalleryViewModelTest.swift */,
				F9C2491622DCC411000C8A3F /* Info.plist */,
			);
			path = WiproDemoApplicaionTests;
			sourceTree = "<group>";
		};
		F9C2491F22DCC470000C8A3F /* Support */ = {
			isa = PBXGroup;
			children = (
				F9C2497922DCCCF7000C8A3F /* CommonControl */,
				F9C2497622DCCCF6000C8A3F /* Extensions */,
				F9C2497B22DCCCF7000C8A3F /* GalleryService */,
				F9C2497122DCCCF6000C8A3F /* Parser */,
				F9C2497422DCCCF6000C8A3F /* Utility */,
				F9C2495E22DCCA9E000C8A3F /* ServiceHelperClass */,
			);
			path = Support;
			sourceTree = "<group>";
		};
		F9C2493022DCC470000C8A3F /* Main */ = {
			isa = PBXGroup;
			children = (
				F9C2493122DCC470000C8A3F /* AppDelegate.swift */,
				F9C2493222DCC470000C8A3F /* Info.plist */,
			);
			path = Main;
			sourceTree = "<group>";
		};
		F9C2493322DCC471000C8A3F /* Resources */ = {
			isa = PBXGroup;
			children = (
				F9C2496522DCCADC000C8A3F /* Constants */,
				F9C2493422DCC471000C8A3F /* Storyboards */,
				F9C2493922DCC471000C8A3F /* ImageAssets */,
			);
			path = Resources;
			sourceTree = "<group>";
		};
		F9C2493422DCC471000C8A3F /* Storyboards */ = {
			isa = PBXGroup;
			children = (
				F9C2493522DCC471000C8A3F /* LaunchScreen.storyboard */,
				F9C2493622DCC471000C8A3F /* Main.storyboard */,
			);
			path = Storyboards;
			sourceTree = "<group>";
		};
		F9C2493922DCC471000C8A3F /* ImageAssets */ = {
			isa = PBXGroup;
			children = (
				F9C2493A22DCC471000C8A3F /* Assets.xcassets */,
			);
			path = ImageAssets;
			sourceTree = "<group>";
		};
		F9C2493B22DCC471000C8A3F /* Modules */ = {
			isa = PBXGroup;
			children = (
				F9C2496822DCCC5A000C8A3F /* GalleryModule */,
			);
			path = Modules;
			sourceTree = "<group>";
		};
		F9C2495E22DCCA9E000C8A3F /* ServiceHelperClass */ = {
			isa = PBXGroup;
			children = (
				F9C2495F22DCCA9E000C8A3F /* AlamofireServerConnect.swift */,
				F9C2496022DCCA9E000C8A3F /* AlamofireServiceRequesManager.swift */,
				F9C2496122DCCA9E000C8A3F /* AlamofireInternetConnectivityManager.swift */,
			);
			path = ServiceHelperClass;
			sourceTree = "<group>";
		};
		F9C2496522DCCADC000C8A3F /* Constants */ = {
			isa = PBXGroup;
			children = (
				F9C2496622DCCADC000C8A3F /* AppConstants.swift */,
			);
			path = Constants;
			sourceTree = "<group>";
		};
		F9C2496822DCCC5A000C8A3F /* GalleryModule */ = {
			isa = PBXGroup;
			children = (
				F9C2496D22DCCC5A000C8A3F /* GalleryViewController.swift */,
				F9313AA122EF07C80066FA8B /* GalleryDetailViewController.swift */,
				F9C2496922DCCC5A000C8A3F /* GalleryViewModel.swift */,
				F9C2496A22DCCC5A000C8A3F /* Accessories */,
			);
			path = GalleryModule;
			sourceTree = "<group>";
		};
		F9C2496A22DCCC5A000C8A3F /* Accessories */ = {
			isa = PBXGroup;
			children = (
				F9C2496B22DCCC5A000C8A3F /* Cells */,
			);
			path = Accessories;
			sourceTree = "<group>";
		};
		F9C2496B22DCCC5A000C8A3F /* Cells */ = {
			isa = PBXGroup;
			children = (
				F9C2496C22DCCC5A000C8A3F /* RecordCell.swift */,
			);
			path = Cells;
			sourceTree = "<group>";
		};
		F9C2497122DCCCF6000C8A3F /* Parser */ = {
			isa = PBXGroup;
			children = (
				F9C2497222DCCCF6000C8A3F /* CountryResponse.swift */,
				F9C2497322DCCCF6000C8A3F /* Record.swift */,
			);
			path = Parser;
			sourceTree = "<group>";
		};
		F9C2497422DCCCF6000C8A3F /* Utility */ = {
			isa = PBXGroup;
			children = (
				F9C2497522DCCCF6000C8A3F /* AppUtility.swift */,
			);
			path = Utility;
			sourceTree = "<group>";
		};
		F9C2497622DCCCF6000C8A3F /* Extensions */ = {
			isa = PBXGroup;
			children = (
				F9C2497722DCCCF7000C8A3F /* UIImegeViewExtension.swift */,
				F9C2497822DCCCF7000C8A3F /* UIViewExtension.swift */,
			);
			path = Extensions;
			sourceTree = "<group>";
		};
		F9C2497922DCCCF7000C8A3F /* CommonControl */ = {
			isa = PBXGroup;
			children = (
				F9C2497A22DCCCF7000C8A3F /* Spinner.swift */,
			);
			path = CommonControl;
			sourceTree = "<group>";
		};
		F9C2497B22DCCCF7000C8A3F /* GalleryService */ = {
			isa = PBXGroup;
			children = (
				F9C2497C22DCCCF7000C8A3F /* GalleryService.swift */,
			);
			path = GalleryService;
			sourceTree = "<group>";
		};
/* End PBXGroup section */

/* Begin PBXNativeTarget section */
		F9C248FB22DCC410000C8A3F /* WiproDemoApplicaion */ = {
			isa = PBXNativeTarget;
			buildConfigurationList = F9C2491922DCC411000C8A3F /* Build configuration list for PBXNativeTarget "WiproDemoApplicaion" */;
			buildPhases = (
				88047EFFE7398E344B4EB342 /* [CP] Check Pods Manifest.lock */,
				F9C248F822DCC410000C8A3F /* Sources */,
				F9C248F922DCC410000C8A3F /* Frameworks */,
				F9C248FA22DCC410000C8A3F /* Resources */,
				F89F584864DB0983236CEFCA /* [CP] Embed Pods Frameworks */,
			);
			buildRules = (
			);
			dependencies = (
			);
			name = WiproDemoApplicaion;
			productName = WiproDemoApplicaion;
			productReference = F9C248FC22DCC410000C8A3F /* WiproDemoApplicaion.app */;
			productType = "com.apple.product-type.application";
		};
		F9C2490F22DCC411000C8A3F /* WiproDemoApplicaionTests */ = {
			isa = PBXNativeTarget;
			buildConfigurationList = F9C2491C22DCC411000C8A3F /* Build configuration list for PBXNativeTarget "WiproDemoApplicaionTests" */;
			buildPhases = (
				D5D9977630DCBBA8370A473B /* [CP] Check Pods Manifest.lock */,
				F9C2490C22DCC411000C8A3F /* Sources */,
				F9C2490D22DCC411000C8A3F /* Frameworks */,
				F9C2490E22DCC411000C8A3F /* Resources */,
			);
			buildRules = (
			);
			dependencies = (
				F9C2491222DCC411000C8A3F /* PBXTargetDependency */,
			);
			name = WiproDemoApplicaionTests;
			productName = WiproDemoApplicaionTests;
			productReference = F9C2491022DCC411000C8A3F /* WiproDemoApplicaionTests.xctest */;
			productType = "com.apple.product-type.bundle.unit-test";
		};
/* End PBXNativeTarget section */

/* Begin PBXProject section */
		F9C248F422DCC410000C8A3F /* Project object */ = {
			isa = PBXProject;
			attributes = {
				LastSwiftUpdateCheck = 1020;
				LastUpgradeCheck = 1020;
				ORGANIZATIONNAME = "Rahul Agrawal";
				TargetAttributes = {
					F9C248FB22DCC410000C8A3F = {
						CreatedOnToolsVersion = 10.2.1;
					};
					F9C2490F22DCC411000C8A3F = {
						CreatedOnToolsVersion = 10.2.1;
						TestTargetID = F9C248FB22DCC410000C8A3F;
					};
				};
			};
			buildConfigurationList = F9C248F722DCC410000C8A3F /* Build configuration list for PBXProject "WiproDemoApplicaion" */;
			compatibilityVersion = "Xcode 9.3";
			developmentRegion = en;
			hasScannedForEncodings = 0;
			knownRegions = (
				en,
				Base,
			);
			mainGroup = F9C248F322DCC410000C8A3F;
			productRefGroup = F9C248FD22DCC410000C8A3F /* Products */;
			projectDirPath = "";
			projectRoot = "";
			targets = (
				F9C248FB22DCC410000C8A3F /* WiproDemoApplicaion */,
				F9C2490F22DCC411000C8A3F /* WiproDemoApplicaionTests */,
			);
		};
/* End PBXProject section */

/* Begin PBXResourcesBuildPhase section */
		F9C248FA22DCC410000C8A3F /* Resources */ = {
			isa = PBXResourcesBuildPhase;
			buildActionMask = 2147483647;
			files = (
				F9C2494F22DCC471000C8A3F /* Main.storyboard in Resources */,
				F9C2495122DCC471000C8A3F /* Assets.xcassets in Resources */,
				F9C2494E22DCC471000C8A3F /* LaunchScreen.storyboard in Resources */,
			);
			runOnlyForDeploymentPostprocessing = 0;
		};
		F9C2490E22DCC411000C8A3F /* Resources */ = {
			isa = PBXResourcesBuildPhase;
			buildActionMask = 2147483647;
			files = (
			);
			runOnlyForDeploymentPostprocessing = 0;
		};
/* End PBXResourcesBuildPhase section */

/* Begin PBXShellScriptBuildPhase section */
		88047EFFE7398E344B4EB342 /* [CP] Check Pods Manifest.lock */ = {
			isa = PBXShellScriptBuildPhase;
			buildActionMask = 2147483647;
			files = (
			);
			inputFileListPaths = (
			);
			inputPaths = (
				"${PODS_PODFILE_DIR_PATH}/Podfile.lock",
				"${PODS_ROOT}/Manifest.lock",
			);
			name = "[CP] Check Pods Manifest.lock";
			outputFileListPaths = (
			);
			outputPaths = (
				"$(DERIVED_FILE_DIR)/Pods-WiproDemoApplicaion-checkManifestLockResult.txt",
			);
			runOnlyForDeploymentPostprocessing = 0;
			shellPath = /bin/sh;
			shellScript = "diff \"${PODS_PODFILE_DIR_PATH}/Podfile.lock\" \"${PODS_ROOT}/Manifest.lock\" > /dev/null\nif [ $? != 0 ] ; then\n    # print error to STDERR\n    echo \"error: The sandbox is not in sync with the Podfile.lock. Run 'pod install' or update your CocoaPods installation.\" >&2\n    exit 1\nfi\n# This output is used by Xcode 'outputs' to avoid re-running this script phase.\necho \"SUCCESS\" > \"${SCRIPT_OUTPUT_FILE_0}\"\n";
			showEnvVarsInLog = 0;
		};
		D5D9977630DCBBA8370A473B /* [CP] Check Pods Manifest.lock */ = {
			isa = PBXShellScriptBuildPhase;
			buildActionMask = 2147483647;
			files = (
			);
			inputFileListPaths = (
			);
			inputPaths = (
				"${PODS_PODFILE_DIR_PATH}/Podfile.lock",
				"${PODS_ROOT}/Manifest.lock",
			);
			name = "[CP] Check Pods Manifest.lock";
			outputFileListPaths = (
			);
			outputPaths = (
				"$(DERIVED_FILE_DIR)/Pods-WiproDemoApplicaionTests-checkManifestLockResult.txt",
			);
			runOnlyForDeploymentPostprocessing = 0;
			shellPath = /bin/sh;
			shellScript = "diff \"${PODS_PODFILE_DIR_PATH}/Podfile.lock\" \"${PODS_ROOT}/Manifest.lock\" > /dev/null\nif [ $? != 0 ] ; then\n    # print error to STDERR\n    echo \"error: The sandbox is not in sync with the Podfile.lock. Run 'pod install' or update your CocoaPods installation.\" >&2\n    exit 1\nfi\n# This output is used by Xcode 'outputs' to avoid re-running this script phase.\necho \"SUCCESS\" > \"${SCRIPT_OUTPUT_FILE_0}\"\n";
			showEnvVarsInLog = 0;
		};
		F89F584864DB0983236CEFCA /* [CP] Embed Pods Frameworks */ = {
			isa = PBXShellScriptBuildPhase;
			buildActionMask = 2147483647;
			files = (
			);
			inputFileListPaths = (
				"${PODS_ROOT}/Target Support Files/Pods-WiproDemoApplicaion/Pods-WiproDemoApplicaion-frameworks-${CONFIGURATION}-input-files.xcfilelist",
			);
			name = "[CP] Embed Pods Frameworks";
			outputFileListPaths = (
				"${PODS_ROOT}/Target Support Files/Pods-WiproDemoApplicaion/Pods-WiproDemoApplicaion-frameworks-${CONFIGURATION}-output-files.xcfilelist",
			);
			runOnlyForDeploymentPostprocessing = 0;
			shellPath = /bin/sh;
			shellScript = "\"${PODS_ROOT}/Target Support Files/Pods-WiproDemoApplicaion/Pods-WiproDemoApplicaion-frameworks.sh\"\n";
			showEnvVarsInLog = 0;
		};
/* End PBXShellScriptBuildPhase section */

/* Begin PBXSourcesBuildPhase section */
		F9C248F822DCC410000C8A3F /* Sources */ = {
			isa = PBXSourcesBuildPhase;
			buildActionMask = 2147483647;
			files = (
				F9C2496422DCCA9E000C8A3F /* AlamofireInternetConnectivityManager.swift in Sources */,
				F9C2496E22DCCC5A000C8A3F /* GalleryViewModel.swift in Sources */,
				F9C2498022DCCCF7000C8A3F /* UIImegeViewExtension.swift in Sources */,
				F9C2498222DCCCF7000C8A3F /* Spinner.swift in Sources */,
				F9C2497E22DCCCF7000C8A3F /* Record.swift in Sources */,
				F9C2497F22DCCCF7000C8A3F /* AppUtility.swift in Sources */,
				F9C2496322DCCA9E000C8A3F /* AlamofireServiceRequesManager.swift in Sources */,
				F9C2498322DCCCF7000C8A3F /* GalleryService.swift in Sources */,
				F9C2496F22DCCC5A000C8A3F /* RecordCell.swift in Sources */,
				F9C2496222DCCA9E000C8A3F /* AlamofireServerConnect.swift in Sources */,
				F9313AA222EF07C80066FA8B /* GalleryDetailViewController.swift in Sources */,
				F9C2497022DCCC5A000C8A3F /* GalleryViewController.swift in Sources */,
				F9C2498122DCCCF7000C8A3F /* UIViewExtension.swift in Sources */,
				F9C2497D22DCCCF7000C8A3F /* CountryResponse.swift in Sources */,
				F9C2494C22DCC471000C8A3F /* AppDelegate.swift in Sources */,
				F9C2496722DCCADC000C8A3F /* AppConstants.swift in Sources */,
			);
			runOnlyForDeploymentPostprocessing = 0;
		};
		F9C2490C22DCC411000C8A3F /* Sources */ = {
			isa = PBXSourcesBuildPhase;
			buildActionMask = 2147483647;
			files = (
				F9C2498522DDE235000C8A3F /* GalleryViewModelTest.swift in Sources */,
			);
			runOnlyForDeploymentPostprocessing = 0;
		};
/* End PBXSourcesBuildPhase section */

/* Begin PBXTargetDependency section */
		F9C2491222DCC411000C8A3F /* PBXTargetDependency */ = {
			isa = PBXTargetDependency;
			target = F9C248FB22DCC410000C8A3F /* WiproDemoApplicaion */;
			targetProxy = F9C2491122DCC411000C8A3F /* PBXContainerItemProxy */;
		};
/* End PBXTargetDependency section */

/* Begin XCBuildConfiguration section */
		F9C2491722DCC411000C8A3F /* Debug */ = {
			isa = XCBuildConfiguration;
			buildSettings = {
				ALWAYS_SEARCH_USER_PATHS = NO;
				CLANG_ANALYZER_NONNULL = YES;
				CLANG_ANALYZER_NUMBER_OBJECT_CONVERSION = YES_AGGRESSIVE;
				CLANG_CXX_LANGUAGE_STANDARD = "gnu++14";
				CLANG_CXX_LIBRARY = "libc++";
				CLANG_ENABLE_MODULES = YES;
				CLANG_ENABLE_OBJC_ARC = YES;
				CLANG_ENABLE_OBJC_WEAK = YES;
				CLANG_WARN_BLOCK_CAPTURE_AUTORELEASING = YES;
				CLANG_WARN_BOOL_CONVERSION = YES;
				CLANG_WARN_COMMA = YES;
				CLANG_WARN_CONSTANT_CONVERSION = YES;
				CLANG_WARN_DEPRECATED_OBJC_IMPLEMENTATIONS = YES;
				CLANG_WARN_DIRECT_OBJC_ISA_USAGE = YES_ERROR;
				CLANG_WARN_DOCUMENTATION_COMMENTS = YES;
				CLANG_WARN_EMPTY_BODY = YES;
				CLANG_WARN_ENUM_CONVERSION = YES;
				CLANG_WARN_INFINITE_RECURSION = YES;
				CLANG_WARN_INT_CONVERSION = YES;
				CLANG_WARN_NON_LITERAL_NULL_CONVERSION = YES;
				CLANG_WARN_OBJC_IMPLICIT_RETAIN_SELF = YES;
				CLANG_WARN_OBJC_LITERAL_CONVERSION = YES;
				CLANG_WARN_OBJC_ROOT_CLASS = YES_ERROR;
				CLANG_WARN_RANGE_LOOP_ANALYSIS = YES;
				CLANG_WARN_STRICT_PROTOTYPES = YES;
				CLANG_WARN_SUSPICIOUS_MOVE = YES;
				CLANG_WARN_UNGUARDED_AVAILABILITY = YES_AGGRESSIVE;
				CLANG_WARN_UNREACHABLE_CODE = YES;
				CLANG_WARN__DUPLICATE_METHOD_MATCH = YES;
				CODE_SIGN_IDENTITY = "iPhone Developer";
				COPY_PHASE_STRIP = NO;
				DEBUG_INFORMATION_FORMAT = dwarf;
				ENABLE_STRICT_OBJC_MSGSEND = YES;
				ENABLE_TESTABILITY = YES;
				GCC_C_LANGUAGE_STANDARD = gnu11;
				GCC_DYNAMIC_NO_PIC = NO;
				GCC_NO_COMMON_BLOCKS = YES;
				GCC_OPTIMIZATION_LEVEL = 0;
				GCC_PREPROCESSOR_DEFINITIONS = (
					"DEBUG=1",
					"$(inherited)",
				);
				GCC_WARN_64_TO_32_BIT_CONVERSION = YES;
				GCC_WARN_ABOUT_RETURN_TYPE = YES_ERROR;
				GCC_WARN_UNDECLARED_SELECTOR = YES;
				GCC_WARN_UNINITIALIZED_AUTOS = YES_AGGRESSIVE;
				GCC_WARN_UNUSED_FUNCTION = YES;
				GCC_WARN_UNUSED_VARIABLE = YES;
				IPHONEOS_DEPLOYMENT_TARGET = 12.2;
				MTL_ENABLE_DEBUG_INFO = INCLUDE_SOURCE;
				MTL_FAST_MATH = YES;
				ONLY_ACTIVE_ARCH = YES;
				SDKROOT = iphoneos;
				SWIFT_ACTIVE_COMPILATION_CONDITIONS = DEBUG;
				SWIFT_OPTIMIZATION_LEVEL = "-Onone";
			};
			name = Debug;
		};
		F9C2491822DCC411000C8A3F /* Release */ = {
			isa = XCBuildConfiguration;
			buildSettings = {
				ALWAYS_SEARCH_USER_PATHS = NO;
				CLANG_ANALYZER_NONNULL = YES;
				CLANG_ANALYZER_NUMBER_OBJECT_CONVERSION = YES_AGGRESSIVE;
				CLANG_CXX_LANGUAGE_STANDARD = "gnu++14";
				CLANG_CXX_LIBRARY = "libc++";
				CLANG_ENABLE_MODULES = YES;
				CLANG_ENABLE_OBJC_ARC = YES;
				CLANG_ENABLE_OBJC_WEAK = YES;
				CLANG_WARN_BLOCK_CAPTURE_AUTORELEASING = YES;
				CLANG_WARN_BOOL_CONVERSION = YES;
				CLANG_WARN_COMMA = YES;
				CLANG_WARN_CONSTANT_CONVERSION = YES;
				CLANG_WARN_DEPRECATED_OBJC_IMPLEMENTATIONS = YES;
				CLANG_WARN_DIRECT_OBJC_ISA_USAGE = YES_ERROR;
				CLANG_WARN_DOCUMENTATION_COMMENTS = YES;
				CLANG_WARN_EMPTY_BODY = YES;
				CLANG_WARN_ENUM_CONVERSION = YES;
				CLANG_WARN_INFINITE_RECURSION = YES;
				CLANG_WARN_INT_CONVERSION = YES;
				CLANG_WARN_NON_LITERAL_NULL_CONVERSION = YES;
				CLANG_WARN_OBJC_IMPLICIT_RETAIN_SELF = YES;
				CLANG_WARN_OBJC_LITERAL_CONVERSION = YES;
				CLANG_WARN_OBJC_ROOT_CLASS = YES_ERROR;
				CLANG_WARN_RANGE_LOOP_ANALYSIS = YES;
				CLANG_WARN_STRICT_PROTOTYPES = YES;
				CLANG_WARN_SUSPICIOUS_MOVE = YES;
				CLANG_WARN_UNGUARDED_AVAILABILITY = YES_AGGRESSIVE;
				CLANG_WARN_UNREACHABLE_CODE = YES;
				CLANG_WARN__DUPLICATE_METHOD_MATCH = YES;
				CODE_SIGN_IDENTITY = "iPhone Developer";
				COPY_PHASE_STRIP = NO;
				DEBUG_INFORMATION_FORMAT = "dwarf-with-dsym";
				ENABLE_NS_ASSERTIONS = NO;
				ENABLE_STRICT_OBJC_MSGSEND = YES;
				GCC_C_LANGUAGE_STANDARD = gnu11;
				GCC_NO_COMMON_BLOCKS = YES;
				GCC_WARN_64_TO_32_BIT_CONVERSION = YES;
				GCC_WARN_ABOUT_RETURN_TYPE = YES_ERROR;
				GCC_WARN_UNDECLARED_SELECTOR = YES;
				GCC_WARN_UNINITIALIZED_AUTOS = YES_AGGRESSIVE;
				GCC_WARN_UNUSED_FUNCTION = YES;
				GCC_WARN_UNUSED_VARIABLE = YES;
				IPHONEOS_DEPLOYMENT_TARGET = 12.2;
				MTL_ENABLE_DEBUG_INFO = NO;
				MTL_FAST_MATH = YES;
				SDKROOT = iphoneos;
				SWIFT_COMPILATION_MODE = wholemodule;
				SWIFT_OPTIMIZATION_LEVEL = "-O";
				VALIDATE_PRODUCT = YES;
			};
			name = Release;
		};
		F9C2491A22DCC411000C8A3F /* Debug */ = {
			isa = XCBuildConfiguration;
			baseConfigurationReference = 6F43B914DB294F5411D9DC42 /* Pods-WiproDemoApplicaion.debug.xcconfig */;
			buildSettings = {
				ASSETCATALOG_COMPILER_APPICON_NAME = AppIcon;
				CODE_SIGN_STYLE = Automatic;
				DEVELOPMENT_TEAM = X5X78H6855;
				INFOPLIST_FILE = "$(SRCROOT)/WiproDemoApplicaion/Main/Info.plist";
				IPHONEOS_DEPLOYMENT_TARGET = 10.0;
				LD_RUNPATH_SEARCH_PATHS = (
					"$(inherited)",
					"@executable_path/Frameworks",
				);
				PRODUCT_BUNDLE_IDENTIFIER = com.dummyproduct.WiproDemoApplicaion;
				PRODUCT_NAME = "$(TARGET_NAME)";
				SWIFT_VERSION = 5.0;
				TARGETED_DEVICE_FAMILY = "1,2";
			};
			name = Debug;
		};
		F9C2491B22DCC411000C8A3F /* Release */ = {
			isa = XCBuildConfiguration;
			baseConfigurationReference = 44C2B57851C8C74E93E205F4 /* Pods-WiproDemoApplicaion.release.xcconfig */;
			buildSettings = {
				ASSETCATALOG_COMPILER_APPICON_NAME = AppIcon;
				CODE_SIGN_STYLE = Automatic;
				DEVELOPMENT_TEAM = X5X78H6855;
				INFOPLIST_FILE = "$(SRCROOT)/WiproDemoApplicaion/Main/Info.plist";
				IPHONEOS_DEPLOYMENT_TARGET = 10.0;
				LD_RUNPATH_SEARCH_PATHS = (
					"$(inherited)",
					"@executable_path/Frameworks",
				);
				PRODUCT_BUNDLE_IDENTIFIER = com.dummyproduct.WiproDemoApplicaion;
				PRODUCT_NAME = "$(TARGET_NAME)";
				SWIFT_VERSION = 5.0;
				TARGETED_DEVICE_FAMILY = "1,2";
			};
			name = Release;
		};
		F9C2491D22DCC411000C8A3F /* Debug */ = {
			isa = XCBuildConfiguration;
			baseConfigurationReference = 551BFBA40583289C68C847B1 /* Pods-WiproDemoApplicaionTests.debug.xcconfig */;
			buildSettings = {
				ALWAYS_EMBED_SWIFT_STANDARD_LIBRARIES = YES;
				BUNDLE_LOADER = "$(TEST_HOST)";
				CODE_SIGN_STYLE = Automatic;
				DEVELOPMENT_TEAM = X5X78H6855;
				INFOPLIST_FILE = WiproDemoApplicaionTests/Info.plist;
				LD_RUNPATH_SEARCH_PATHS = (
					"$(inherited)",
					"@executable_path/Frameworks",
					"@loader_path/Frameworks",
				);
				PRODUCT_BUNDLE_IDENTIFIER = com.dummyproduct.WiproDemo.WiproDemoApplicaionTests;
				PRODUCT_NAME = "$(TARGET_NAME)";
				SWIFT_VERSION = 5.0;
				TARGETED_DEVICE_FAMILY = "1,2";
				TEST_HOST = "$(BUILT_PRODUCTS_DIR)/WiproDemoApplicaion.app/WiproDemoApplicaion";
			};
			name = Debug;
		};
		F9C2491E22DCC411000C8A3F /* Release */ = {
			isa = XCBuildConfiguration;
			baseConfigurationReference = 792BE5485870A3AA15A68925 /* Pods-WiproDemoApplicaionTests.release.xcconfig */;
			buildSettings = {
				ALWAYS_EMBED_SWIFT_STANDARD_LIBRARIES = YES;
				BUNDLE_LOADER = "$(TEST_HOST)";
				CODE_SIGN_STYLE = Automatic;
				DEVELOPMENT_TEAM = X5X78H6855;
				INFOPLIST_FILE = WiproDemoApplicaionTests/Info.plist;
				LD_RUNPATH_SEARCH_PATHS = (
					"$(inherited)",
					"@executable_path/Frameworks",
					"@loader_path/Frameworks",
				);
				PRODUCT_BUNDLE_IDENTIFIER = com.dummyproduct.WiproDemo.WiproDemoApplicaionTests;
				PRODUCT_NAME = "$(TARGET_NAME)";
				SWIFT_VERSION = 5.0;
				TARGETED_DEVICE_FAMILY = "1,2";
				TEST_HOST = "$(BUILT_PRODUCTS_DIR)/WiproDemoApplicaion.app/WiproDemoApplicaion";
			};
			name = Release;
		};
/* End XCBuildConfiguration section */

/* Begin XCConfigurationList section */
		F9C248F722DCC410000C8A3F /* Build configuration list for PBXProject "WiproDemoApplicaion" */ = {
			isa = XCConfigurationList;
			buildConfigurations = (
				F9C2491722DCC411000C8A3F /* Debug */,
				F9C2491822DCC411000C8A3F /* Release */,
			);
			defaultConfigurationIsVisible = 0;
			defaultConfigurationName = Release;
		};
		F9C2491922DCC411000C8A3F /* Build configuration list for PBXNativeTarget "WiproDemoApplicaion" */ = {
			isa = XCConfigurationList;
			buildConfigurations = (
				F9C2491A22DCC411000C8A3F /* Debug */,
				F9C2491B22DCC411000C8A3F /* Release */,
			);
			defaultConfigurationIsVisible = 0;
			defaultConfigurationName = Release;
		};
		F9C2491C22DCC411000C8A3F /* Build configuration list for PBXNativeTarget "WiproDemoApplicaionTests" */ = {
			isa = XCConfigurationList;
			buildConfigurations = (
				F9C2491D22DCC411000C8A3F /* Debug */,
				F9C2491E22DCC411000C8A3F /* Release */,
			);
			defaultConfigurationIsVisible = 0;
			defaultConfigurationName = Release;
		};
/* End XCConfigurationList section */
	};
	rootObject = F9C248F422DCC410000C8A3F /* Project object */;
}
